// !$*UTF8*$!
{
	archiveVersion = 1;
	classes = {
	};
	objectVersion = 46;
	objects = {

/* Begin PBXBuildFile section */
		CC77B09B1CED520000A0EE0C /* main.m in Sources */ = {isa = PBXBuildFile; fileRef = CC77B09A1CED520000A0EE0C /* main.m */; };
		CC77B09E1CED520000A0EE0C /* AppDelegate.m in Sources */ = {isa = PBXBuildFile; fileRef = CC77B09D1CED520000A0EE0C /* AppDelegate.m */; };
		CC77B0A11CED520000A0EE0C /* ViewController.m in Sources */ = {isa = PBXBuildFile; fileRef = CC77B0A01CED520000A0EE0C /* ViewController.m */; };
		CC77B0A41CED520000A0EE0C /* Main.storyboard in Resources */ = {isa = PBXBuildFile; fileRef = CC77B0A21CED520000A0EE0C /* Main.storyboard */; };
		CC77B0A61CED520000A0EE0C /* Assets.xcassets in Resources */ = {isa = PBXBuildFile; fileRef = CC77B0A51CED520000A0EE0C /* Assets.xcassets */; };
		CC77B0A91CED520000A0EE0C /* LaunchScreen.storyboard in Resources */ = {isa = PBXBuildFile; fileRef = CC77B0A71CED520000A0EE0C /* LaunchScreen.storyboard */; };
		CC77B0B21CED5B7100A0EE0C /* QYViewController.m in Sources */ = {isa = PBXBuildFile; fileRef = CC77B0B11CED5B7100A0EE0C /* QYViewController.m */; };
/* End PBXBuildFile section */

/* Begin PBXFileReference section */
		CC77B0961CED520000A0EE0C /* Demo01_UISearchBar.app */ = {isa = PBXFileReference; explicitFileType = wrapper.application; includeInIndex = 0; path = Demo01_UISearchBar.app; sourceTree = BUILT_PRODUCTS_DIR; };
		CC77B09A1CED520000A0EE0C /* main.m */ = {isa = PBXFileReference; lastKnownFileType = sourcecode.c.objc; path = main.m; sourceTree = "<group>"; };
		CC77B09C1CED520000A0EE0C /* AppDelegate.h */ = {isa = PBXFileReference; lastKnownFileType = sourcecode.c.h; path = AppDelegate.h; sourceTree = "<group>"; };
		CC77B09D1CED520000A0EE0C /* AppDelegate.m */ = {isa = PBXFileReference; lastKnownFileType = sourcecode.c.objc; path = AppDelegate.m; sourceTree = "<group>"; };
		CC77B09F1CED520000A0EE0C /* ViewController.h */ = {isa = PBXFileReference; lastKnownFileType = sourcecode.c.h; path = ViewController.h; sourceTree = "<group>"; };
		CC77B0A01CED520000A0EE0C /* ViewController.m */ = {isa = PBXFileReference; lastKnownFileType = sourcecode.c.objc; path = ViewController.m; sourceTree = "<group>"; };
		CC77B0A31CED520000A0EE0C /* Base */ = {isa = PBXFileReference; lastKnownFileType = file.storyboard; name = Base; path = Base.lproj/Main.storyboard; sourceTree = "<group>"; };
		CC77B0A51CED520000A0EE0C /* Assets.xcassets */ = {isa = PBXFileReference; lastKnownFileType = folder.assetcatalog; path = Assets.xcassets; sourceTree = "<group>"; };
		CC77B0A81CED520000A0EE0C /* Base */ = {isa = PBXFileReference; lastKnownFileType = file.storyboard; name = Base; path = Base.lproj/LaunchScreen.storyboard; sourceTree = "<group>"; };
		CC77B0AA1CED520000A0EE0C /* Info.plist */ = {isa = PBXFileReference; lastKnownFileType = text.plist.xml; path = Info.plist; sourceTree = "<group>"; };
		CC77B0B01CED5B7100A0EE0C /* QYViewController.h */ = {isa = PBXFileReference; fileEncoding = 4; lastKnownFileType = sourcecode.c.h; path = QYViewController.h; sourceTree = "<group>"; };
		CC77B0B11CED5B7100A0EE0C /* QYViewController.m */ = {isa = PBXFileReference; fileEncoding = 4; lastKnownFileType = sourcecode.c.objc; path = QYViewController.m; sourceTree = "<group>"; };
/* End PBXFileReference section */

/* Begin PBXFrameworksBuildPhase section */
		CC77B0931CED520000A0EE0C /* Frameworks */ = {
			isa = PBXFrameworksBuildPhase;
			buildActionMask = 2147483647;
			files = (
			);
			runOnlyForDeploymentPostprocessing = 0;
		};
/* End PBXFrameworksBuildPhase section */

/* Begin PBXGroup section */
		CC77B08D1CED520000A0EE0C = {
			isa = PBXGroup;
			children = (
				CC77B0981CED520000A0EE0C /* Demo01_UISearchBar */,
				CC77B0971CED520000A0EE0C /* Products */,
			);
			sourceTree = "<group>";
		};
		CC77B0971CED520000A0EE0C /* Products */ = {
			isa = PBXGroup;
			children = (
				CC77B0961CED520000A0EE0C /* Demo01_UISearchBar.app */,
			);
			name = Products;
			sourceTree = "<group>";
		};
		CC77B0981CED520000A0EE0C /* Demo01_UISearchBar */ = {
			isa = PBXGroup;
			children = (
				CC77B09C1CED520000A0EE0C /* AppDelegate.h */,
				CC77B09D1CED520000A0EE0C /* AppDelegate.m */,
				CC77B09F1CED520000A0EE0C /* ViewController.h */,
				CC77B0A01CED520000A0EE0C /* ViewController.m */,
				CC77B0B01CED5B7100A0EE0C /* QYViewController.h */,
				CC77B0B11CED5B7100A0EE0C /* QYViewController.m */,
				CC77B0A21CED520000A0EE0C /* Main.storyboard */,
				CC77B0A51CED520000A0EE0C /* Assets.xcassets */,
				CC77B0A71CED520000A0EE0C /* LaunchScreen.storyboard */,
				CC77B0AA1CED520000A0EE0C /* Info.plist */,
				CC77B0991CED520000A0EE0C /* Supporting Files */,
			);
			path = Demo01_UISearchBar;
			sourceTree = "<group>";
		};
		CC77B0991CED520000A0EE0C /* Supporting Files */ = {
			isa = PBXGroup;
			children = (
				CC77B09A1CED520000A0EE0C /* main.m */,
			);
			name = "Supporting Files";
			sourceTree = "<group>";
		};
/* End PBXGroup section */

/* Begin PBXNativeTarget section */
		CC77B0951CED520000A0EE0C /* Demo01_UISearchBar */ = {
			isa = PBXNativeTarget;
			buildConfigurationList = CC77B0AD1CED520000A0EE0C /* Build configuration list for PBXNativeTarget "Demo01_UISearchBar" */;
			buildPhases = (
				CC77B0921CED520000A0EE0C /* Sources */,
				CC77B0931CED520000A0EE0C /* Frameworks */,
				CC77B0941CED520000A0EE0C /* Resources */,
			);
			buildRules = (
			);
			dependencies = (
			);
			name = Demo01_UISearchBar;
			productName = Demo01_UISearchBar;
			productReference = CC77B0961CED520000A0EE0C /* Demo01_UISearchBar.app */;
			productType = "com.apple.product-type.application";
		};
/* End PBXNativeTarget section */

/* Begin PBXProject section */
		CC77B08E1CED520000A0EE0C /* Project object */ = {
			isa = PBXProject;
			attributes = {
				LastUpgradeCheck = 0710;
				ORGANIZATIONNAME = QingYun;
				TargetAttributes = {
					CC77B0951CED520000A0EE0C = {
						CreatedOnToolsVersion = 7.1.1;
						DevelopmentTeam = GGG24ADHBE;
					};
				};
			};
			buildConfigurationList = CC77B0911CED520000A0EE0C /* Build configuration list for PBXProject "Demo01_UISearchBar" */;
			compatibilityVersion = "Xcode 3.2";
			developmentRegion = English;
			hasScannedForEncodings = 0;
			knownRegions = (
				en,
				Base,
			);
			mainGroup = CC77B08D1CED520000A0EE0C;
			productRefGroup = CC77B0971CED520000A0EE0C /* Products */;
			projectDirPath = "";
			projectRoot = "";
			targets = (
				CC77B0951CED520000A0EE0C /* Demo01_UISearchBar */,
			);
		};
/* End PBXProject section */

/* Begin PBXResourcesBuildPhase section */
		CC77B0941CED520000A0EE0C /* Resources */ = {
			isa = PBXResourcesBuildPhase;
			buildActionMask = 2147483647;
			files = (
				CC77B0A91CED520000A0EE0C /* LaunchScreen.storyboard in Resources */,
				CC77B0A61CED520000A0EE0C /* Assets.xcassets in Resources */,
				CC77B0A41CED520000A0EE0C /* Main.storyboard in Resources */,
			);
			runOnlyForDeploymentPostprocessing = 0;
		};
/* End PBXResourcesBuildPhase section */

/* Begin PBXSourcesBuildPhase section */
		CC77B0921CED520000A0EE0C /* Sources */ = {
			isa = PBXSourcesBuildPhase;
			buildActionMask = 2147483647;
			files = (
				CC77B0A11CED520000A0EE0C /* ViewController.m in Sources */,
				CC77B09E1CED520000A0EE0C /* AppDelegate.m in Sources */,
				CC77B0B21CED5B7100A0EE0C /* QYViewController.m in Sources */,
				CC77B09B1CED520000A0EE0C /* main.m in Sources */,
			);
			runOnlyForDeploymentPostprocessing = 0;
		};
/* End PBXSourcesBuildPhase section */

/* Begin PBXVariantGroup section */
		CC77B0A21CED520000A0EE0C /* Main.storyboard */ = {
			isa = PBXVariantGroup;
			children = (
				CC77B0A31CED520000A0EE0C /* Base */,
			);
			name = Main.storyboard;
			sourceTree = "<group>";
		};
		CC77B0A71CED520000A0EE0C /* LaunchScreen.storyboard */ = {
			isa = PBXVariantGroup;
			children = (
				CC77B0A81CED520000A0EE0C /* Base */,
			);
			name = LaunchScreen.storyboard;
			sourceTree = "<group>";
		};
/* End PBXVariantGroup section */

/* Begin XCBuildConfiguration section */
		CC77B0AB1CED520000A0EE0C /* Debug */ = {
			isa = XCBuildConfiguration;
			buildSettings = {
				ALWAYS_SEARCH_USER_PATHS = NO;
				CLANG_CXX_LANGUAGE_STANDARD = "gnu++0x";
				CLANG_CXX_LIBRARY = "libc++";
				CLANG_ENABLE_MODULES = YES;
				CLANG_ENABLE_OBJC_ARC = YES;
				CLANG_WARN_BOOL_CONVERSION = YES;
				CLANG_WARN_CONSTANT_CONVERSION = YES;
				CLANG_WARN_DIRECT_OBJC_ISA_USAGE = YES_ERROR;
				CLANG_WARN_EMPTY_BODY = YES;
				CLANG_WARN_ENUM_CONVERSION = YES;
				CLANG_WARN_INT_CONVERSION = YES;
				CLANG_WARN_OBJC_ROOT_CLASS = YES_ERROR;
				CLANG_WARN_UNREACHABLE_CODE = YES;
				CLANG_WARN__DUPLICATE_METHOD_MATCH = YES;
				"CODE_SIGN_IDENTITY[sdk=iphoneos*]" = "iPhone Developer";
				COPY_PHASE_STRIP = NO;
				DEBUG_INFORMATION_FORMAT = dwarf;
				ENABLE_STRICT_OBJC_MSGSEND = YES;
				ENABLE_TESTABILITY = YES;
				GCC_C_LANGUAGE_STANDARD = gnu99;
				GCC_DYNAMIC_NO_PIC = NO;
				GCC_NO_COMMON_BLOCKS = YES;
				GCC_OPTIMIZATION_LEVEL = 0;
				GCC_PREPROCESSOR_DEFINITIONS = (
					"DEBUG=1",
					"$(inherited)",
				);
				GCC_WARN_64_TO_32_BIT_CONVERSION = YES;
				GCC_WARN_ABOUT_RETURN_TYPE = YES_ERROR;
				GCC_WARN_UNDECLARED_SELECTOR = YES;
				GCC_WARN_UNINITIALIZED_AUTOS = YES_AGGRESSIVE;
				GCC_WARN_UNUSED_FUNCTION = YES;
				GCC_WARN_UNUSED_VARIABLE = YES;
				IPHONEOS_DEPLOYMENT_TARGET = 9.1;
				MTL_ENABLE_DEBUG_INFO = YES;
				ONLY_ACTIVE_ARCH = YES;
				SDKROOT = iphoneos;
			};
			name = Debug;
		};
		CC77B0AC1CED520000A0EE0C /* Release */ = {
			isa = XCBuildConfiguration;
			buildSettings = {
				ALWAYS_SEARCH_USER_PATHS = NO;
				CLANG_CXX_LANGUAGE_STANDARD = "gnu++0x";
				CLANG_CXX_LIBRARY = "libc++";
				CLANG_ENABLE_MODULES = YES;
				CLANG_ENABLE_OBJC_ARC = YES;
				CLANG_WARN_BOOL_CONVERSION = YES;
				CLANG_WARN_CONSTANT_CONVERSION = YES;
				CLANG_WARN_DIRECT_OBJC_ISA_USAGE = YES_ERROR;
				CLANG_WARN_EMPTY_BODY = YES;
				CLANG_WARN_ENUM_CONVERSION = YES;
				CLANG_WARN_INT_CONVERSION = YES;
				CLANG_WARN_OBJC_ROOT_CLASS = YES_ERROR;
				CLANG_WARN_UNREACHABLE_CODE = YES;
				CLANG_WARN__DUPLICATE_METHOD_MATCH = YES;
				"CODE_SIGN_IDENTITY[sdk=iphoneos*]" = "iPhone Developer";
				COPY_PHASE_STRIP = NO;
				DEBUG_INFORMATION_FORMAT = "dwarf-with-dsym";
				ENABLE_NS_ASSERTIONS = NO;
				ENABLE_STRICT_OBJC_MSGSEND = YES;
				GCC_C_LANGUAGE_STANDARD = gnu99;
				GCC_NO_COMMON_BLOCKS = YES;
				GCC_WARN_64_TO_32_BIT_CONVERSION = YES;
				GCC_WARN_ABOUT_RETURN_TYPE = YES_ERROR;
				GCC_WARN_UNDECLARED_SELECTOR = YES;
				GCC_WARN_UNINITIALIZED_AUTOS = YES_AGGRESSIVE;
				GCC_WARN_UNUSED_FUNCTION = YES;
				GCC_WARN_UNUSED_VARIABLE = YES;
				IPHONEOS_DEPLOYMENT_TARGET = 9.1;
				MTL_ENABLE_DEBUG_INFO = NO;
				SDKROOT = iphoneos;
				VALIDATE_PRODUCT = YES;
			};
			name = Release;
		};
		CC77B0AE1CED520000A0EE0C /* Debug */ = {
			isa = XCBuildConfiguration;
			buildSettings = {
				ASSETCATALOG_COMPILER_APPICON_NAME = AppIcon;
				INFOPLIST_FILE = Demo01_UISearchBar/Info.plist;
				LD_RUNPATH_SEARCH_PATHS = "$(inherited) @executable_path/Frameworks";
				PRODUCT_BUNDLE_IDENTIFIER = "com.Qingyun.Demo01-UISearchBar";
				PRODUCT_NAME = "$(TARGET_NAME)";
			};
			name = Debug;
		};
		CC77B0AF1CED520000A0EE0C /* Release */ = {
			isa = XCBuildConfiguration;
			buildSettings = {
				ASSETCATALOG_COMPILER_APPICON_NAME = AppIcon;
				INFOPLIST_FILE = Demo01_UISearchBar/Info.plist;
				LD_RUNPATH_SEARCH_PATHS = "$(inherited) @executable_path/Frameworks";
				PRODUCT_BUNDLE_IDENTIFIER = "com.Qingyun.Demo01-UISearchBar";
				PRODUCT_NAME = "$(TARGET_NAME)";
			};
			name = Release;
		};
/* End XCBuildConfiguration section */

/* Begin XCConfigurationList section */
		CC77B0911CED520000A0EE0C /* Build configuration list for PBXProject "Demo01_UISearchBar" */ = {
			isa = XCConfigurationList;
			buildConfigurations = (
				CC77B0AB1CED520000A0EE0C /* Debug */,
				CC77B0AC1CED520000A0EE0C /* Release */,
			);
			defaultConfigurationIsVisible = 0;
			defaultConfigurationName = Release;
		};
		CC77B0AD1CED520000A0EE0C /* Build configuration list for PBXNativeTarget "Demo01_UISearchBar" */ = {
			isa = XCConfigurationList;
			buildConfigurations = (
				CC77B0AE1CED520000A0EE0C /* Debug */,
				CC77B0AF1CED520000A0EE0C /* Release */,
			);
			defaultConfigurationIsVisible = 0;
		};
/* End XCConfigurationList section */
	};
	rootObject = CC77B08E1CED520000A0EE0C /* Project object */;
}
